
Microsoft Visual Studio Solution File, Format Version 12.00
# Visual Studio Version 17
VisualStudioVersion = 17.2.32602.215
MinimumVisualStudioVersion = 10.0.40219.1
Project("{FAE04EC0-301F-11D3-BF4B-00C04F79EFBC}") = "Course.FirstStage", "Course.FirstStage\Course.FirstStage.csproj", "{FBC7AA6E-8602-43F0-B2AD-02CD938A6CA7}"
EndProject
Global
	GlobalSection(SolutionConfigurationPlatforms) = preSolution
		Debug|Any CPU = Debug|Any CPU
		Release|Any CPU = Release|Any CPU
	EndGlobalSection
	GlobalSection(ProjectConfigurationPlatforms) = postSolution
		{FBC7AA6E-8602-43F0-B2AD-02CD938A6CA7}.Debug|Any CPU.ActiveCfg = Debug|Any CPU
		{FBC7AA6E-8602-43F0-B2AD-02CD938A6CA7}.Debug|Any CPU.Build.0 = Debug|Any CPU
		{FBC7AA6E-8602-43F0-B2AD-02CD938A6CA7}.Release|Any CPU.ActiveCfg = Release|Any CPU
		{FBC7AA6E-8602-43F0-B2AD-02CD938A6CA7}.Release|Any CPU.Build.0 = Release|Any CPU
	EndGlobalSection
	GlobalSection(SolutionProperties) = preSolution
		HideSolutionNode = FALSE
	EndGlobalSection
	GlobalSection(ExtensibilityGlobals) = postSolution
		SolutionGuid = {45D7072E-AEF5-410F-A545-6C604652FB9D}
	EndGlobalSection
EndGlobal
